# This file was autogenerated by Stack.
# You should not edit this file by hand.
# For more information, please see the documentation at:
#   https://docs.haskellstack.org/en/stable/lock_files

packages:
- completed:
    hackage: jsaddle-warp-0.9.9.2@sha256:85c592bd70640766e9b5fa33bc07d04c8cc312f678d0e2bb2e7333d5f88282b7,3374
    pantry-tree:
      sha256: eab9611a25f6b729d23060984570ff0d50b628baf617255b65d335affa63f91c
      size: 784
  original:
    hackage: jsaddle-warp-0.9.9.2@sha256:85c592bd70640766e9b5fa33bc07d04c8cc312f678d0e2bb2e7333d5f88282b7,3374
- completed:
    hackage: http-client-0.7.17@sha256:860ee4b758e92b5f9e5021a9233132d8c8c52d4aa287405126a1d9e2fbc09d66,5613
    pantry-tree:
      sha256: fe176129f568f0841b2fee5f9578334f4aac7c471b4ca7740b94d7484c494fd3
      size: 2547
  original:
    hackage: http-client-0.7.17
- completed:
    hackage: http-client-tls-0.3.6.4@sha256:17217717fbbcda951b4ff000a7fbce416975b154c9bc09e56d9cac8ffb3b9525,2040
    pantry-tree:
      sha256: 4b316381e910056a29ad08ac6ffd430b2df97a84c0875c58d0f88b7f3113aa93
      size: 435
  original:
    hackage: http-client-tls-0.3.6.4
snapshots:
- completed:
    sha256: 1e32b51d9082fdf6f3bd92accc9dfffd4ddaf406404427fb10bf76d2bc03cbbb
    size: 720263
    url: https://raw.githubusercontent.com/commercialhaskell/stackage-snapshots/master/lts/22/41.yaml
  original:
    url: https://raw.githubusercontent.com/commercialhaskell/stackage-snapshots/master/lts/22/41.yaml
